
Microsoft Visual Studio Solution File, Format Version 12.00
Project("{FAE04EC0-301F-11D3-BF4B-00C04F79EFBC}") = "UnrealL10NAutomationTool", "UnrealL10NAutomationTool.csproj", "{6903D915-B0A9-40F9-8C40-C4F8E5F049B2}"
EndProject
Global
	GlobalSection(SolutionConfigurationPlatforms) = preSolution
		Debug|Any CPU = Debug|Any CPU
		Release|Any CPU = Release|Any CPU
	EndGlobalSection
	GlobalSection(ProjectConfigurationPlatforms) = postSolution
		{6903D915-B0A9-40F9-8C40-C4F8E5F049B2}.Debug|Any CPU.ActiveCfg = Debug|Any CPU
		{6903D915-B0A9-40F9-8C40-C4F8E5F049B2}.Debug|Any CPU.Build.0 = Debug|Any CPU
		{6903D915-B0A9-40F9-8C40-C4F8E5F049B2}.Release|Any CPU.ActiveCfg = Release|Any CPU
		{6903D915-B0A9-40F9-8C40-C4F8E5F049B2}.Release|Any CPU.Build.0 = Release|Any CPU
	EndGlobalSection
EndGlobal
